%{
  "earmark": {:hex, :earmark, "1.2.4", "99b637c62a4d65a20a9fb674b8cffb8baa771c04605a80c911c4418c69b75439", [:mix], [], "hexpm", "1b34655872366414f69dd987cb121c049f76984b6ac69f52fff6d8fd64d29cfd"},
  "ex_doc": {:hex, :ex_doc, "0.18.1", "37c69d2ef62f24928c1f4fdc7c724ea04aecfdf500c4329185f8e3649c915baf", [:mix], [{:earmark, "~> 1.1", [hex: :earmark, repo: "hexpm", optional: false]}], "hexpm", "f050061c87ad39478c942995b5a20c40f2c0bc06525404613b8b0474cb8bd796"},
  "jason": {:hex, :jason, "1.4.1", "af1504e35f629ddcdd6addb3513c3853991f694921b1b9368b0bd32beb9f1b63", [:mix], [{:decimal, "~> 1.0 or ~> 2.0", [hex: :decimal, repo: "hexpm", optional: true]}], "hexpm", "fbb01ecdfd565b56261302f7e1fcc27c4fb8f32d56eab74db621fc154604a7a1"},
  "json": {:hex, :json, "1.4.1", "8648f04a9439765ad449bc56a3ff7d8b11dd44ff08ffcdefc4329f7c93843dfa", [:mix], [], "hexpm", "9abf218dbe4ea4fcb875e087d5f904ef263d012ee5ed21d46e9dbca63f053d16"},
  "mime": {:hex, :mime, "2.0.5", "dc34c8efd439abe6ae0343edbb8556f4d63f178594894720607772a041b04b02", [:mix], [], "hexpm", "da0d64a365c45bc9935cc5c8a7fc5e49a0e0f9932a761c55d6c52b142780a05c"},
  "phoenix_html": {:hex, :phoenix_html, "3.3.1", "4788757e804a30baac6b3fc9695bf5562465dd3f1da8eb8460ad5b404d9a2178", [:mix], [{:plug, "~> 1.5", [hex: :plug, repo: "hexpm", optional: true]}], "hexpm", "bed1906edd4906a15fd7b412b85b05e521e1f67c9a85418c55999277e553d0d3"},
  "plug": {:hex, :plug, "1.14.2", "cff7d4ec45b4ae176a227acd94a7ab536d9b37b942c8e8fa6dfc0fff98ff4d80", [:mix], [{:mime, "~> 1.0 or ~> 2.0", [hex: :mime, repo: "hexpm", optional: false]}, {:plug_crypto, "~> 1.1.1 or ~> 1.2", [hex: :plug_crypto, repo: "hexpm", optional: false]}, {:telemetry, "~> 0.4.3 or ~> 1.0", [hex: :telemetry, repo: "hexpm", optional: false]}], "hexpm", "842fc50187e13cf4ac3b253d47d9474ed6c296a8732752835ce4a86acdf68d13"},
  "plug_crypto": {:hex, :plug_crypto, "1.2.5", "918772575e48e81e455818229bf719d4ab4181fcbf7f85b68a35620f78d89ced", [:mix], [], "hexpm", "26549a1d6345e2172eb1c233866756ae44a9609bd33ee6f99147ab3fd87fd842"},
  "poison": {:hex, :poison, "5.0.0", "d2b54589ab4157bbb82ec2050757779bfed724463a544b6e20d79855a9e43b24", [:mix], [{:decimal, "~> 2.0", [hex: :decimal, repo: "hexpm", optional: true]}], "hexpm", "11dc6117c501b80c62a7594f941d043982a1bd05a1184280c0d9166eb4d8d3fc"},
  "recase": {:hex, :recase, "0.7.0", "3f2f719f0886c7a3b7fe469058ec539cb7bbe0023604ae3bce920e186305e5ae", [:mix], [], "hexpm", "36f5756a9f552f4a94b54a695870e32f4e72d5fad9c25e61bc4a3151c08a4e0c"},
  "telemetry": {:hex, :telemetry, "1.2.1", "68fdfe8d8f05a8428483a97d7aab2f268aaff24b49e0f599faa091f1d4e7f61c", [:rebar3], [], "hexpm", "dad9ce9d8effc621708f99eac538ef1cbe05d6a874dd741de2e689c47feafed5"},
}
